// !$*UTF8*$!
{
	archiveVersion = 1;
	classes = {
	};
	objectVersion = 50;
	objects = {

/* Begin PBXBuildFile section */
		76B6354F2433289A0080CFF4 /* AppDelegate.swift in Sources */ = {isa = PBXBuildFile; fileRef = 76B6354E2433289A0080CFF4 /* AppDelegate.swift */; };
		76B635512433289A0080CFF4 /* SceneDelegate.swift in Sources */ = {isa = PBXBuildFile; fileRef = 76B635502433289A0080CFF4 /* SceneDelegate.swift */; };
		76B635532433289A0080CFF4 /* ViewController.swift in Sources */ = {isa = PBXBuildFile; fileRef = 76B635522433289A0080CFF4 /* ViewController.swift */; };
		76B635562433289A0080CFF4 /* Main.storyboard in Resources */ = {isa = PBXBuildFile; fileRef = 76B635542433289A0080CFF4 /* Main.storyboard */; };
		76B635582433289C0080CFF4 /* Assets.xcassets in Resources */ = {isa = PBXBuildFile; fileRef = 76B635572433289C0080CFF4 /* Assets.xcassets */; };
		76B6355B2433289C0080CFF4 /* LaunchScreen.storyboard in Resources */ = {isa = PBXBuildFile; fileRef = 76B635592433289C0080CFF4 /* LaunchScreen.storyboard */; };
		76B635662433289C0080CFF4 /* DesignPatternsDemoTests.swift in Sources */ = {isa = PBXBuildFile; fileRef = 76B635652433289C0080CFF4 /* DesignPatternsDemoTests.swift */; };
		76B635712433289C0080CFF4 /* DesignPatternsDemoUITests.swift in Sources */ = {isa = PBXBuildFile; fileRef = 76B635702433289C0080CFF4 /* DesignPatternsDemoUITests.swift */; };
		76B6357F243329080080CFF4 /* ChainOfResponsibility.swift in Sources */ = {isa = PBXBuildFile; fileRef = 76B6357E243329080080CFF4 /* ChainOfResponsibility.swift */; };
		76B635812433498E0080CFF4 /* Command.swift in Sources */ = {isa = PBXBuildFile; fileRef = 76B635802433498E0080CFF4 /* Command.swift */; };
		76B63583243477100080CFF4 /* Interpreter.swift in Sources */ = {isa = PBXBuildFile; fileRef = 76B63582243477100080CFF4 /* Interpreter.swift */; };
		76B635852434779D0080CFF4 /* Iterator.swift in Sources */ = {isa = PBXBuildFile; fileRef = 76B635842434779D0080CFF4 /* Iterator.swift */; };
		76B635872434849D0080CFF4 /* Mediator.swift in Sources */ = {isa = PBXBuildFile; fileRef = 76B635862434849D0080CFF4 /* Mediator.swift */; };
		76B63589243595A70080CFF4 /* Memento.swift in Sources */ = {isa = PBXBuildFile; fileRef = 76B63588243595A70080CFF4 /* Memento.swift */; };
		76B6358B2435C9D90080CFF4 /* Observer.swift in Sources */ = {isa = PBXBuildFile; fileRef = 76B6358A2435C9D90080CFF4 /* Observer.swift */; };
		76B6358D2435D0400080CFF4 /* State& Strategy.swift in Sources */ = {isa = PBXBuildFile; fileRef = 76B6358C2435D0400080CFF4 /* State& Strategy.swift */; };
		76B63590243C5AF60080CFF4 /* Abstract Factory.swift in Sources */ = {isa = PBXBuildFile; fileRef = 76B6358F243C5AF60080CFF4 /* Abstract Factory.swift */; };
		76B63592243C603A0080CFF4 /* Factory Method.swift in Sources */ = {isa = PBXBuildFile; fileRef = 76B63591243C603A0080CFF4 /* Factory Method.swift */; };
		76B63594243C6B280080CFF4 /* Simple Factory.swift in Sources */ = {isa = PBXBuildFile; fileRef = 76B63593243C6B280080CFF4 /* Simple Factory.swift */; };
		76B63596243D771E0080CFF4 /* Builder.swift in Sources */ = {isa = PBXBuildFile; fileRef = 76B63595243D771E0080CFF4 /* Builder.swift */; };
		76B63598243DA2D30080CFF4 /* Prototype.swift in Sources */ = {isa = PBXBuildFile; fileRef = 76B63597243DA2D30080CFF4 /* Prototype.swift */; };
		76B6359D243DAA500080CFF4 /* Adapter.swift in Sources */ = {isa = PBXBuildFile; fileRef = 76B6359C243DAA500080CFF4 /* Adapter.swift */; };
		76B6359F243DB09E0080CFF4 /* Bridge.swift in Sources */ = {isa = PBXBuildFile; fileRef = 76B6359E243DB09E0080CFF4 /* Bridge.swift */; };
		76B635A1243DC1DB0080CFF4 /* Composite.swift in Sources */ = {isa = PBXBuildFile; fileRef = 76B635A0243DC1DB0080CFF4 /* Composite.swift */; };
/* End PBXBuildFile section */

/* Begin PBXContainerItemProxy section */
		76B635622433289C0080CFF4 /* PBXContainerItemProxy */ = {
			isa = PBXContainerItemProxy;
			containerPortal = 76B635432433289A0080CFF4 /* Project object */;
			proxyType = 1;
			remoteGlobalIDString = 76B6354A2433289A0080CFF4;
			remoteInfo = DesignPatternsDemo;
		};
		76B6356D2433289C0080CFF4 /* PBXContainerItemProxy */ = {
			isa = PBXContainerItemProxy;
			containerPortal = 76B635432433289A0080CFF4 /* Project object */;
			proxyType = 1;
			remoteGlobalIDString = 76B6354A2433289A0080CFF4;
			remoteInfo = DesignPatternsDemo;
		};
/* End PBXContainerItemProxy section */

/* Begin PBXFileReference section */
		76B6354B2433289A0080CFF4 /* DesignPatternsDemo.app */ = {isa = PBXFileReference; explicitFileType = wrapper.application; includeInIndex = 0; path = DesignPatternsDemo.app; sourceTree = BUILT_PRODUCTS_DIR; };
		76B6354E2433289A0080CFF4 /* AppDelegate.swift */ = {isa = PBXFileReference; lastKnownFileType = sourcecode.swift; path = AppDelegate.swift; sourceTree = "<group>"; };
		76B635502433289A0080CFF4 /* SceneDelegate.swift */ = {isa = PBXFileReference; lastKnownFileType = sourcecode.swift; path = SceneDelegate.swift; sourceTree = "<group>"; };
		76B635522433289A0080CFF4 /* ViewController.swift */ = {isa = PBXFileReference; lastKnownFileType = sourcecode.swift; path = ViewController.swift; sourceTree = "<group>"; };
		76B635552433289A0080CFF4 /* Base */ = {isa = PBXFileReference; lastKnownFileType = file.storyboard; name = Base; path = Base.lproj/Main.storyboard; sourceTree = "<group>"; };
		76B635572433289C0080CFF4 /* Assets.xcassets */ = {isa = PBXFileReference; lastKnownFileType = folder.assetcatalog; path = Assets.xcassets; sourceTree = "<group>"; };
		76B6355A2433289C0080CFF4 /* Base */ = {isa = PBXFileReference; lastKnownFileType = file.storyboard; name = Base; path = Base.lproj/LaunchScreen.storyboard; sourceTree = "<group>"; };
		76B6355C2433289C0080CFF4 /* Info.plist */ = {isa = PBXFileReference; lastKnownFileType = text.plist.xml; path = Info.plist; sourceTree = "<group>"; };
		76B635612433289C0080CFF4 /* DesignPatternsDemoTests.xctest */ = {isa = PBXFileReference; explicitFileType = wrapper.cfbundle; includeInIndex = 0; path = DesignPatternsDemoTests.xctest; sourceTree = BUILT_PRODUCTS_DIR; };
		76B635652433289C0080CFF4 /* DesignPatternsDemoTests.swift */ = {isa = PBXFileReference; lastKnownFileType = sourcecode.swift; path = DesignPatternsDemoTests.swift; sourceTree = "<group>"; };
		76B635672433289C0080CFF4 /* Info.plist */ = {isa = PBXFileReference; lastKnownFileType = text.plist.xml; path = Info.plist; sourceTree = "<group>"; };
		76B6356C2433289C0080CFF4 /* DesignPatternsDemoUITests.xctest */ = {isa = PBXFileReference; explicitFileType = wrapper.cfbundle; includeInIndex = 0; path = DesignPatternsDemoUITests.xctest; sourceTree = BUILT_PRODUCTS_DIR; };
		76B635702433289C0080CFF4 /* DesignPatternsDemoUITests.swift */ = {isa = PBXFileReference; lastKnownFileType = sourcecode.swift; path = DesignPatternsDemoUITests.swift; sourceTree = "<group>"; };
		76B635722433289C0080CFF4 /* Info.plist */ = {isa = PBXFileReference; lastKnownFileType = text.plist.xml; path = Info.plist; sourceTree = "<group>"; };
		76B6357E243329080080CFF4 /* ChainOfResponsibility.swift */ = {isa = PBXFileReference; lastKnownFileType = sourcecode.swift; path = ChainOfResponsibility.swift; sourceTree = "<group>"; };
		76B635802433498E0080CFF4 /* Command.swift */ = {isa = PBXFileReference; lastKnownFileType = sourcecode.swift; path = Command.swift; sourceTree = "<group>"; };
		76B63582243477100080CFF4 /* Interpreter.swift */ = {isa = PBXFileReference; lastKnownFileType = sourcecode.swift; path = Interpreter.swift; sourceTree = "<group>"; };
		76B635842434779D0080CFF4 /* Iterator.swift */ = {isa = PBXFileReference; lastKnownFileType = sourcecode.swift; path = Iterator.swift; sourceTree = "<group>"; };
		76B635862434849D0080CFF4 /* Mediator.swift */ = {isa = PBXFileReference; lastKnownFileType = sourcecode.swift; path = Mediator.swift; sourceTree = "<group>"; };
		76B63588243595A70080CFF4 /* Memento.swift */ = {isa = PBXFileReference; lastKnownFileType = sourcecode.swift; path = Memento.swift; sourceTree = "<group>"; };
		76B6358A2435C9D90080CFF4 /* Observer.swift */ = {isa = PBXFileReference; lastKnownFileType = sourcecode.swift; path = Observer.swift; sourceTree = "<group>"; };
		76B6358C2435D0400080CFF4 /* State& Strategy.swift */ = {isa = PBXFileReference; lastKnownFileType = sourcecode.swift; path = "State& Strategy.swift"; sourceTree = "<group>"; };
		76B6358F243C5AF60080CFF4 /* Abstract Factory.swift */ = {isa = PBXFileReference; lastKnownFileType = sourcecode.swift; path = "Abstract Factory.swift"; sourceTree = "<group>"; };
		76B63591243C603A0080CFF4 /* Factory Method.swift */ = {isa = PBXFileReference; lastKnownFileType = sourcecode.swift; path = "Factory Method.swift"; sourceTree = "<group>"; };
		76B63593243C6B280080CFF4 /* Simple Factory.swift */ = {isa = PBXFileReference; lastKnownFileType = sourcecode.swift; path = "Simple Factory.swift"; sourceTree = "<group>"; };
		76B63595243D771E0080CFF4 /* Builder.swift */ = {isa = PBXFileReference; lastKnownFileType = sourcecode.swift; path = Builder.swift; sourceTree = "<group>"; };
		76B63597243DA2D30080CFF4 /* Prototype.swift */ = {isa = PBXFileReference; lastKnownFileType = sourcecode.swift; path = Prototype.swift; sourceTree = "<group>"; };
		76B6359C243DAA500080CFF4 /* Adapter.swift */ = {isa = PBXFileReference; lastKnownFileType = sourcecode.swift; path = Adapter.swift; sourceTree = "<group>"; };
		76B6359E243DB09E0080CFF4 /* Bridge.swift */ = {isa = PBXFileReference; lastKnownFileType = sourcecode.swift; path = Bridge.swift; sourceTree = "<group>"; };
		76B635A0243DC1DB0080CFF4 /* Composite.swift */ = {isa = PBXFileReference; lastKnownFileType = sourcecode.swift; path = Composite.swift; sourceTree = "<group>"; };
/* End PBXFileReference section */

/* Begin PBXFrameworksBuildPhase section */
		76B635482433289A0080CFF4 /* Frameworks */ = {
			isa = PBXFrameworksBuildPhase;
			buildActionMask = 2147483647;
			files = (
			);
			runOnlyForDeploymentPostprocessing = 0;
		};
		76B6355E2433289C0080CFF4 /* Frameworks */ = {
			isa = PBXFrameworksBuildPhase;
			buildActionMask = 2147483647;
			files = (
			);
			runOnlyForDeploymentPostprocessing = 0;
		};
		76B635692433289C0080CFF4 /* Frameworks */ = {
			isa = PBXFrameworksBuildPhase;
			buildActionMask = 2147483647;
			files = (
			);
			runOnlyForDeploymentPostprocessing = 0;
		};
/* End PBXFrameworksBuildPhase section */

/* Begin PBXGroup section */
		76B635422433289A0080CFF4 = {
			isa = PBXGroup;
			children = (
				76B6354D2433289A0080CFF4 /* DesignPatternsDemo */,
				76B635642433289C0080CFF4 /* DesignPatternsDemoTests */,
				76B6356F2433289C0080CFF4 /* DesignPatternsDemoUITests */,
				76B6354C2433289A0080CFF4 /* Products */,
			);
			sourceTree = "<group>";
		};
		76B6354C2433289A0080CFF4 /* Products */ = {
			isa = PBXGroup;
			children = (
				76B6354B2433289A0080CFF4 /* DesignPatternsDemo.app */,
				76B635612433289C0080CFF4 /* DesignPatternsDemoTests.xctest */,
				76B6356C2433289C0080CFF4 /* DesignPatternsDemoUITests.xctest */,
			);
			name = Products;
			sourceTree = "<group>";
		};
		76B6354D2433289A0080CFF4 /* DesignPatternsDemo */ = {
			isa = PBXGroup;
			children = (
				76B6354E2433289A0080CFF4 /* AppDelegate.swift */,
				76B635502433289A0080CFF4 /* SceneDelegate.swift */,
				76B6358E243C5A160080CFF4 /* 行为型 */,
				76B6359B243DA5AD0080CFF4 /* 构建型 */,
				76B635522433289A0080CFF4 /* ViewController.swift */,
				76B6359E243DB09E0080CFF4 /* Bridge.swift */,
				76B6359C243DAA500080CFF4 /* Adapter.swift */,
				76B635A0243DC1DB0080CFF4 /* Composite.swift */,
				76B635542433289A0080CFF4 /* Main.storyboard */,
				76B635572433289C0080CFF4 /* Assets.xcassets */,
				76B635592433289C0080CFF4 /* LaunchScreen.storyboard */,
				76B6355C2433289C0080CFF4 /* Info.plist */,
			);
			path = DesignPatternsDemo;
			sourceTree = "<group>";
		};
		76B635642433289C0080CFF4 /* DesignPatternsDemoTests */ = {
			isa = PBXGroup;
			children = (
				76B635652433289C0080CFF4 /* DesignPatternsDemoTests.swift */,
				76B635672433289C0080CFF4 /* Info.plist */,
			);
			path = DesignPatternsDemoTests;
			sourceTree = "<group>";
		};
		76B6356F2433289C0080CFF4 /* DesignPatternsDemoUITests */ = {
			isa = PBXGroup;
			children = (
				76B635702433289C0080CFF4 /* DesignPatternsDemoUITests.swift */,
				76B635722433289C0080CFF4 /* Info.plist */,
			);
			path = DesignPatternsDemoUITests;
			sourceTree = "<group>";
		};
		76B6358E243C5A160080CFF4 /* 行为型 */ = {
			isa = PBXGroup;
			children = (
				76B6357E243329080080CFF4 /* ChainOfResponsibility.swift */,
				76B635802433498E0080CFF4 /* Command.swift */,
				76B635842434779D0080CFF4 /* Iterator.swift */,
				76B635862434849D0080CFF4 /* Mediator.swift */,
				76B63588243595A70080CFF4 /* Memento.swift */,
				76B6358A2435C9D90080CFF4 /* Observer.swift */,
				76B6358C2435D0400080CFF4 /* State& Strategy.swift */,
				76B63582243477100080CFF4 /* Interpreter.swift */,
			);
			path = "行为型";
			sourceTree = "<group>";
		};
		76B6359B243DA5AD0080CFF4 /* 构建型 */ = {
			isa = PBXGroup;
			children = (
				76B63593243C6B280080CFF4 /* Simple Factory.swift */,
				76B63591243C603A0080CFF4 /* Factory Method.swift */,
				76B6358F243C5AF60080CFF4 /* Abstract Factory.swift */,
				76B63595243D771E0080CFF4 /* Builder.swift */,
				76B63597243DA2D30080CFF4 /* Prototype.swift */,
			);
			path = "构建型";
			sourceTree = "<group>";
		};
/* End PBXGroup section */

/* Begin PBXNativeTarget section */
		76B6354A2433289A0080CFF4 /* DesignPatternsDemo */ = {
			isa = PBXNativeTarget;
			buildConfigurationList = 76B635752433289C0080CFF4 /* Build configuration list for PBXNativeTarget "DesignPatternsDemo" */;
			buildPhases = (
				76B635472433289A0080CFF4 /* Sources */,
				76B635482433289A0080CFF4 /* Frameworks */,
				76B635492433289A0080CFF4 /* Resources */,
			);
			buildRules = (
			);
			dependencies = (
			);
			name = DesignPatternsDemo;
			productName = DesignPatternsDemo;
			productReference = 76B6354B2433289A0080CFF4 /* DesignPatternsDemo.app */;
			productType = "com.apple.product-type.application";
		};
		76B635602433289C0080CFF4 /* DesignPatternsDemoTests */ = {
			isa = PBXNativeTarget;
			buildConfigurationList = 76B635782433289C0080CFF4 /* Build configuration list for PBXNativeTarget "DesignPatternsDemoTests" */;
			buildPhases = (
				76B6355D2433289C0080CFF4 /* Sources */,
				76B6355E2433289C0080CFF4 /* Frameworks */,
				76B6355F2433289C0080CFF4 /* Resources */,
			);
			buildRules = (
			);
			dependencies = (
				76B635632433289C0080CFF4 /* PBXTargetDependency */,
			);
			name = DesignPatternsDemoTests;
			productName = DesignPatternsDemoTests;
			productReference = 76B635612433289C0080CFF4 /* DesignPatternsDemoTests.xctest */;
			productType = "com.apple.product-type.bundle.unit-test";
		};
		76B6356B2433289C0080CFF4 /* DesignPatternsDemoUITests */ = {
			isa = PBXNativeTarget;
			buildConfigurationList = 76B6357B2433289C0080CFF4 /* Build configuration list for PBXNativeTarget "DesignPatternsDemoUITests" */;
			buildPhases = (
				76B635682433289C0080CFF4 /* Sources */,
				76B635692433289C0080CFF4 /* Frameworks */,
				76B6356A2433289C0080CFF4 /* Resources */,
			);
			buildRules = (
			);
			dependencies = (
				76B6356E2433289C0080CFF4 /* PBXTargetDependency */,
			);
			name = DesignPatternsDemoUITests;
			productName = DesignPatternsDemoUITests;
			productReference = 76B6356C2433289C0080CFF4 /* DesignPatternsDemoUITests.xctest */;
			productType = "com.apple.product-type.bundle.ui-testing";
		};
/* End PBXNativeTarget section */

/* Begin PBXProject section */
		76B635432433289A0080CFF4 /* Project object */ = {
			isa = PBXProject;
			attributes = {
				LastSwiftUpdateCheck = 1130;
				LastUpgradeCheck = 1130;
				ORGANIZATIONNAME = luowei;
				TargetAttributes = {
					76B6354A2433289A0080CFF4 = {
						CreatedOnToolsVersion = 11.3.1;
					};
					76B635602433289C0080CFF4 = {
						CreatedOnToolsVersion = 11.3.1;
						TestTargetID = 76B6354A2433289A0080CFF4;
					};
					76B6356B2433289C0080CFF4 = {
						CreatedOnToolsVersion = 11.3.1;
						TestTargetID = 76B6354A2433289A0080CFF4;
					};
				};
			};
			buildConfigurationList = 76B635462433289A0080CFF4 /* Build configuration list for PBXProject "DesignPatternsDemo" */;
			compatibilityVersion = "Xcode 9.3";
			developmentRegion = en;
			hasScannedForEncodings = 0;
			knownRegions = (
				en,
				Base,
			);
			mainGroup = 76B635422433289A0080CFF4;
			productRefGroup = 76B6354C2433289A0080CFF4 /* Products */;
			projectDirPath = "";
			projectRoot = "";
			targets = (
				76B6354A2433289A0080CFF4 /* DesignPatternsDemo */,
				76B635602433289C0080CFF4 /* DesignPatternsDemoTests */,
				76B6356B2433289C0080CFF4 /* DesignPatternsDemoUITests */,
			);
		};
/* End PBXProject section */

/* Begin PBXResourcesBuildPhase section */
		76B635492433289A0080CFF4 /* Resources */ = {
			isa = PBXResourcesBuildPhase;
			buildActionMask = 2147483647;
			files = (
				76B6355B2433289C0080CFF4 /* LaunchScreen.storyboard in Resources */,
				76B635582433289C0080CFF4 /* Assets.xcassets in Resources */,
				76B635562433289A0080CFF4 /* Main.storyboard in Resources */,
			);
			runOnlyForDeploymentPostprocessing = 0;
		};
		76B6355F2433289C0080CFF4 /* Resources */ = {
			isa = PBXResourcesBuildPhase;
			buildActionMask = 2147483647;
			files = (
			);
			runOnlyForDeploymentPostprocessing = 0;
		};
		76B6356A2433289C0080CFF4 /* Resources */ = {
			isa = PBXResourcesBuildPhase;
			buildActionMask = 2147483647;
			files = (
			);
			runOnlyForDeploymentPostprocessing = 0;
		};
/* End PBXResourcesBuildPhase section */

/* Begin PBXSourcesBuildPhase section */
		76B635472433289A0080CFF4 /* Sources */ = {
			isa = PBXSourcesBuildPhase;
			buildActionMask = 2147483647;
			files = (
				76B63598243DA2D30080CFF4 /* Prototype.swift in Sources */,
				76B6359D243DAA500080CFF4 /* Adapter.swift in Sources */,
				76B63592243C603A0080CFF4 /* Factory Method.swift in Sources */,
				76B635852434779D0080CFF4 /* Iterator.swift in Sources */,
				76B63590243C5AF60080CFF4 /* Abstract Factory.swift in Sources */,
				76B635A1243DC1DB0080CFF4 /* Composite.swift in Sources */,
				76B6358B2435C9D90080CFF4 /* Observer.swift in Sources */,
				76B63583243477100080CFF4 /* Interpreter.swift in Sources */,
				76B635532433289A0080CFF4 /* ViewController.swift in Sources */,
				76B6354F2433289A0080CFF4 /* AppDelegate.swift in Sources */,
				76B6357F243329080080CFF4 /* ChainOfResponsibility.swift in Sources */,
				76B6358D2435D0400080CFF4 /* State& Strategy.swift in Sources */,
				76B63594243C6B280080CFF4 /* Simple Factory.swift in Sources */,
				76B635812433498E0080CFF4 /* Command.swift in Sources */,
				76B6359F243DB09E0080CFF4 /* Bridge.swift in Sources */,
				76B63589243595A70080CFF4 /* Memento.swift in Sources */,
				76B635872434849D0080CFF4 /* Mediator.swift in Sources */,
				76B635512433289A0080CFF4 /* SceneDelegate.swift in Sources */,
				76B63596243D771E0080CFF4 /* Builder.swift in Sources */,
			);
			runOnlyForDeploymentPostprocessing = 0;
		};
		76B6355D2433289C0080CFF4 /* Sources */ = {
			isa = PBXSourcesBuildPhase;
			buildActionMask = 2147483647;
			files = (
				76B635662433289C0080CFF4 /* DesignPatternsDemoTests.swift in Sources */,
			);
			runOnlyForDeploymentPostprocessing = 0;
		};
		76B635682433289C0080CFF4 /* Sources */ = {
			isa = PBXSourcesBuildPhase;
			buildActionMask = 2147483647;
			files = (
				76B635712433289C0080CFF4 /* DesignPatternsDemoUITests.swift in Sources */,
			);
			runOnlyForDeploymentPostprocessing = 0;
		};
/* End PBXSourcesBuildPhase section */

/* Begin PBXTargetDependency section */
		76B635632433289C0080CFF4 /* PBXTargetDependency */ = {
			isa = PBXTargetDependency;
			target = 76B6354A2433289A0080CFF4 /* DesignPatternsDemo */;
			targetProxy = 76B635622433289C0080CFF4 /* PBXContainerItemProxy */;
		};
		76B6356E2433289C0080CFF4 /* PBXTargetDependency */ = {
			isa = PBXTargetDependency;
			target = 76B6354A2433289A0080CFF4 /* DesignPatternsDemo */;
			targetProxy = 76B6356D2433289C0080CFF4 /* PBXContainerItemProxy */;
		};
/* End PBXTargetDependency section */

/* Begin PBXVariantGroup section */
		76B635542433289A0080CFF4 /* Main.storyboard */ = {
			isa = PBXVariantGroup;
			children = (
				76B635552433289A0080CFF4 /* Base */,
			);
			name = Main.storyboard;
			sourceTree = "<group>";
		};
		76B635592433289C0080CFF4 /* LaunchScreen.storyboard */ = {
			isa = PBXVariantGroup;
			children = (
				76B6355A2433289C0080CFF4 /* Base */,
			);
			name = LaunchScreen.storyboard;
			sourceTree = "<group>";
		};
/* End PBXVariantGroup section */

/* Begin XCBuildConfiguration section */
		76B635732433289C0080CFF4 /* Debug */ = {
			isa = XCBuildConfiguration;
			buildSettings = {
				ALWAYS_SEARCH_USER_PATHS = NO;
				CLANG_ANALYZER_NONNULL = YES;
				CLANG_ANALYZER_NUMBER_OBJECT_CONVERSION = YES_AGGRESSIVE;
				CLANG_CXX_LANGUAGE_STANDARD = "gnu++14";
				CLANG_CXX_LIBRARY = "libc++";
				CLANG_ENABLE_MODULES = YES;
				CLANG_ENABLE_OBJC_ARC = YES;
				CLANG_ENABLE_OBJC_WEAK = YES;
				CLANG_WARN_BLOCK_CAPTURE_AUTORELEASING = YES;
				CLANG_WARN_BOOL_CONVERSION = YES;
				CLANG_WARN_COMMA = YES;
				CLANG_WARN_CONSTANT_CONVERSION = YES;
				CLANG_WARN_DEPRECATED_OBJC_IMPLEMENTATIONS = YES;
				CLANG_WARN_DIRECT_OBJC_ISA_USAGE = YES_ERROR;
				CLANG_WARN_DOCUMENTATION_COMMENTS = YES;
				CLANG_WARN_EMPTY_BODY = YES;
				CLANG_WARN_ENUM_CONVERSION = YES;
				CLANG_WARN_INFINITE_RECURSION = YES;
				CLANG_WARN_INT_CONVERSION = YES;
				CLANG_WARN_NON_LITERAL_NULL_CONVERSION = YES;
				CLANG_WARN_OBJC_IMPLICIT_RETAIN_SELF = YES;
				CLANG_WARN_OBJC_LITERAL_CONVERSION = YES;
				CLANG_WARN_OBJC_ROOT_CLASS = YES_ERROR;
				CLANG_WARN_RANGE_LOOP_ANALYSIS = YES;
				CLANG_WARN_STRICT_PROTOTYPES = YES;
				CLANG_WARN_SUSPICIOUS_MOVE = YES;
				CLANG_WARN_UNGUARDED_AVAILABILITY = YES_AGGRESSIVE;
				CLANG_WARN_UNREACHABLE_CODE = YES;
				CLANG_WARN__DUPLICATE_METHOD_MATCH = YES;
				COPY_PHASE_STRIP = NO;
				DEBUG_INFORMATION_FORMAT = dwarf;
				ENABLE_STRICT_OBJC_MSGSEND = YES;
				ENABLE_TESTABILITY = YES;
				GCC_C_LANGUAGE_STANDARD = gnu11;
				GCC_DYNAMIC_NO_PIC = NO;
				GCC_NO_COMMON_BLOCKS = YES;
				GCC_OPTIMIZATION_LEVEL = 0;
				GCC_PREPROCESSOR_DEFINITIONS = (
					"DEBUG=1",
					"$(inherited)",
				);
				GCC_WARN_64_TO_32_BIT_CONVERSION = YES;
				GCC_WARN_ABOUT_RETURN_TYPE = YES_ERROR;
				GCC_WARN_UNDECLARED_SELECTOR = YES;
				GCC_WARN_UNINITIALIZED_AUTOS = YES_AGGRESSIVE;
				GCC_WARN_UNUSED_FUNCTION = YES;
				GCC_WARN_UNUSED_VARIABLE = YES;
				IPHONEOS_DEPLOYMENT_TARGET = 13.2;
				MTL_ENABLE_DEBUG_INFO = INCLUDE_SOURCE;
				MTL_FAST_MATH = YES;
				ONLY_ACTIVE_ARCH = YES;
				SDKROOT = iphoneos;
				SWIFT_ACTIVE_COMPILATION_CONDITIONS = DEBUG;
				SWIFT_OPTIMIZATION_LEVEL = "-Onone";
			};
			name = Debug;
		};
		76B635742433289C0080CFF4 /* Release */ = {
			isa = XCBuildConfiguration;
			buildSettings = {
				ALWAYS_SEARCH_USER_PATHS = NO;
				CLANG_ANALYZER_NONNULL = YES;
				CLANG_ANALYZER_NUMBER_OBJECT_CONVERSION = YES_AGGRESSIVE;
				CLANG_CXX_LANGUAGE_STANDARD = "gnu++14";
				CLANG_CXX_LIBRARY = "libc++";
				CLANG_ENABLE_MODULES = YES;
				CLANG_ENABLE_OBJC_ARC = YES;
				CLANG_ENABLE_OBJC_WEAK = YES;
				CLANG_WARN_BLOCK_CAPTURE_AUTORELEASING = YES;
				CLANG_WARN_BOOL_CONVERSION = YES;
				CLANG_WARN_COMMA = YES;
				CLANG_WARN_CONSTANT_CONVERSION = YES;
				CLANG_WARN_DEPRECATED_OBJC_IMPLEMENTATIONS = YES;
				CLANG_WARN_DIRECT_OBJC_ISA_USAGE = YES_ERROR;
				CLANG_WARN_DOCUMENTATION_COMMENTS = YES;
				CLANG_WARN_EMPTY_BODY = YES;
				CLANG_WARN_ENUM_CONVERSION = YES;
				CLANG_WARN_INFINITE_RECURSION = YES;
				CLANG_WARN_INT_CONVERSION = YES;
				CLANG_WARN_NON_LITERAL_NULL_CONVERSION = YES;
				CLANG_WARN_OBJC_IMPLICIT_RETAIN_SELF = YES;
				CLANG_WARN_OBJC_LITERAL_CONVERSION = YES;
				CLANG_WARN_OBJC_ROOT_CLASS = YES_ERROR;
				CLANG_WARN_RANGE_LOOP_ANALYSIS = YES;
				CLANG_WARN_STRICT_PROTOTYPES = YES;
				CLANG_WARN_SUSPICIOUS_MOVE = YES;
				CLANG_WARN_UNGUARDED_AVAILABILITY = YES_AGGRESSIVE;
				CLANG_WARN_UNREACHABLE_CODE = YES;
				CLANG_WARN__DUPLICATE_METHOD_MATCH = YES;
				COPY_PHASE_STRIP = NO;
				DEBUG_INFORMATION_FORMAT = "dwarf-with-dsym";
				ENABLE_NS_ASSERTIONS = NO;
				ENABLE_STRICT_OBJC_MSGSEND = YES;
				GCC_C_LANGUAGE_STANDARD = gnu11;
				GCC_NO_COMMON_BLOCKS = YES;
				GCC_WARN_64_TO_32_BIT_CONVERSION = YES;
				GCC_WARN_ABOUT_RETURN_TYPE = YES_ERROR;
				GCC_WARN_UNDECLARED_SELECTOR = YES;
				GCC_WARN_UNINITIALIZED_AUTOS = YES_AGGRESSIVE;
				GCC_WARN_UNUSED_FUNCTION = YES;
				GCC_WARN_UNUSED_VARIABLE = YES;
				IPHONEOS_DEPLOYMENT_TARGET = 13.2;
				MTL_ENABLE_DEBUG_INFO = NO;
				MTL_FAST_MATH = YES;
				SDKROOT = iphoneos;
				SWIFT_COMPILATION_MODE = wholemodule;
				SWIFT_OPTIMIZATION_LEVEL = "-O";
				VALIDATE_PRODUCT = YES;
			};
			name = Release;
		};
		76B635762433289C0080CFF4 /* Debug */ = {
			isa = XCBuildConfiguration;
			buildSettings = {
				ASSETCATALOG_COMPILER_APPICON_NAME = AppIcon;
				CODE_SIGN_STYLE = Automatic;
				DEVELOPMENT_TEAM = A55X9KCRCK;
				INFOPLIST_FILE = DesignPatternsDemo/Info.plist;
				LD_RUNPATH_SEARCH_PATHS = (
					"$(inherited)",
					"@executable_path/Frameworks",
				);
				PRODUCT_BUNDLE_IDENTIFIER = com.kuaiyixing.DesignPatternsDemo;
				PRODUCT_NAME = "$(TARGET_NAME)";
				SWIFT_VERSION = 5.0;
				TARGETED_DEVICE_FAMILY = "1,2";
			};
			name = Debug;
		};
		76B635772433289C0080CFF4 /* Release */ = {
			isa = XCBuildConfiguration;
			buildSettings = {
				ASSETCATALOG_COMPILER_APPICON_NAME = AppIcon;
				CODE_SIGN_STYLE = Automatic;
				DEVELOPMENT_TEAM = A55X9KCRCK;
				INFOPLIST_FILE = DesignPatternsDemo/Info.plist;
				LD_RUNPATH_SEARCH_PATHS = (
					"$(inherited)",
					"@executable_path/Frameworks",
				);
				PRODUCT_BUNDLE_IDENTIFIER = com.kuaiyixing.DesignPatternsDemo;
				PRODUCT_NAME = "$(TARGET_NAME)";
				SWIFT_VERSION = 5.0;
				TARGETED_DEVICE_FAMILY = "1,2";
			};
			name = Release;
		};
		76B635792433289C0080CFF4 /* Debug */ = {
			isa = XCBuildConfiguration;
			buildSettings = {
				ALWAYS_EMBED_SWIFT_STANDARD_LIBRARIES = YES;
				BUNDLE_LOADER = "$(TEST_HOST)";
				CODE_SIGN_STYLE = Automatic;
				DEVELOPMENT_TEAM = A55X9KCRCK;
				INFOPLIST_FILE = DesignPatternsDemoTests/Info.plist;
				IPHONEOS_DEPLOYMENT_TARGET = 13.2;
				LD_RUNPATH_SEARCH_PATHS = (
					"$(inherited)",
					"@executable_path/Frameworks",
					"@loader_path/Frameworks",
				);
				PRODUCT_BUNDLE_IDENTIFIER = com.kuaiyixing.DesignPatternsDemoTests;
				PRODUCT_NAME = "$(TARGET_NAME)";
				SWIFT_VERSION = 5.0;
				TARGETED_DEVICE_FAMILY = "1,2";
				TEST_HOST = "$(BUILT_PRODUCTS_DIR)/DesignPatternsDemo.app/DesignPatternsDemo";
			};
			name = Debug;
		};
		76B6357A2433289C0080CFF4 /* Release */ = {
			isa = XCBuildConfiguration;
			buildSettings = {
				ALWAYS_EMBED_SWIFT_STANDARD_LIBRARIES = YES;
				BUNDLE_LOADER = "$(TEST_HOST)";
				CODE_SIGN_STYLE = Automatic;
				DEVELOPMENT_TEAM = A55X9KCRCK;
				INFOPLIST_FILE = DesignPatternsDemoTests/Info.plist;
				IPHONEOS_DEPLOYMENT_TARGET = 13.2;
				LD_RUNPATH_SEARCH_PATHS = (
					"$(inherited)",
					"@executable_path/Frameworks",
					"@loader_path/Frameworks",
				);
				PRODUCT_BUNDLE_IDENTIFIER = com.kuaiyixing.DesignPatternsDemoTests;
				PRODUCT_NAME = "$(TARGET_NAME)";
				SWIFT_VERSION = 5.0;
				TARGETED_DEVICE_FAMILY = "1,2";
				TEST_HOST = "$(BUILT_PRODUCTS_DIR)/DesignPatternsDemo.app/DesignPatternsDemo";
			};
			name = Release;
		};
		76B6357C2433289C0080CFF4 /* Debug */ = {
			isa = XCBuildConfiguration;
			buildSettings = {
				ALWAYS_EMBED_SWIFT_STANDARD_LIBRARIES = YES;
				CODE_SIGN_STYLE = Automatic;
				DEVELOPMENT_TEAM = A55X9KCRCK;
				INFOPLIST_FILE = DesignPatternsDemoUITests/Info.plist;
				LD_RUNPATH_SEARCH_PATHS = (
					"$(inherited)",
					"@executable_path/Frameworks",
					"@loader_path/Frameworks",
				);
				PRODUCT_BUNDLE_IDENTIFIER = com.kuaiyixing.DesignPatternsDemoUITests;
				PRODUCT_NAME = "$(TARGET_NAME)";
				SWIFT_VERSION = 5.0;
				TARGETED_DEVICE_FAMILY = "1,2";
				TEST_TARGET_NAME = DesignPatternsDemo;
			};
			name = Debug;
		};
		76B6357D2433289C0080CFF4 /* Release */ = {
			isa = XCBuildConfiguration;
			buildSettings = {
				ALWAYS_EMBED_SWIFT_STANDARD_LIBRARIES = YES;
				CODE_SIGN_STYLE = Automatic;
				DEVELOPMENT_TEAM = A55X9KCRCK;
				INFOPLIST_FILE = DesignPatternsDemoUITests/Info.plist;
				LD_RUNPATH_SEARCH_PATHS = (
					"$(inherited)",
					"@executable_path/Frameworks",
					"@loader_path/Frameworks",
				);
				PRODUCT_BUNDLE_IDENTIFIER = com.kuaiyixing.DesignPatternsDemoUITests;
				PRODUCT_NAME = "$(TARGET_NAME)";
				SWIFT_VERSION = 5.0;
				TARGETED_DEVICE_FAMILY = "1,2";
				TEST_TARGET_NAME = DesignPatternsDemo;
			};
			name = Release;
		};
/* End XCBuildConfiguration section */

/* Begin XCConfigurationList section */
		76B635462433289A0080CFF4 /* Build configuration list for PBXProject "DesignPatternsDemo" */ = {
			isa = XCConfigurationList;
			buildConfigurations = (
				76B635732433289C0080CFF4 /* Debug */,
				76B635742433289C0080CFF4 /* Release */,
			);
			defaultConfigurationIsVisible = 0;
			defaultConfigurationName = Release;
		};
		76B635752433289C0080CFF4 /* Build configuration list for PBXNativeTarget "DesignPatternsDemo" */ = {
			isa = XCConfigurationList;
			buildConfigurations = (
				76B635762433289C0080CFF4 /* Debug */,
				76B635772433289C0080CFF4 /* Release */,
			);
			defaultConfigurationIsVisible = 0;
			defaultConfigurationName = Release;
		};
		76B635782433289C0080CFF4 /* Build configuration list for PBXNativeTarget "DesignPatternsDemoTests" */ = {
			isa = XCConfigurationList;
			buildConfigurations = (
				76B635792433289C0080CFF4 /* Debug */,
				76B6357A2433289C0080CFF4 /* Release */,
			);
			defaultConfigurationIsVisible = 0;
			defaultConfigurationName = Release;
		};
		76B6357B2433289C0080CFF4 /* Build configuration list for PBXNativeTarget "DesignPatternsDemoUITests" */ = {
			isa = XCConfigurationList;
			buildConfigurations = (
				76B6357C2433289C0080CFF4 /* Debug */,
				76B6357D2433289C0080CFF4 /* Release */,
			);
			defaultConfigurationIsVisible = 0;
			defaultConfigurationName = Release;
		};
/* End XCConfigurationList section */
	};
	rootObject = 76B635432433289A0080CFF4 /* Project object */;
}
